
Microsoft Visual Studio Solution File, Format Version 12.00
# Visual Studio Version 17
VisualStudioVersion = 17.14.36327.8 d17.14
MinimumVisualStudioVersion = 10.0.40219.1
Project("{FAE04EC0-301F-11D3-BF4B-00C04F79EFBC}") = "PS", "PS\PS.csproj", "{079A0482-C50F-4667-80EF-5A357EFBA58A}"
EndProject
Global
	GlobalSection(SolutionConfigurationPlatforms) = preSolution
		Debug|Any CPU = Debug|Any CPU
		Release|Any CPU = Release|Any CPU
	EndGlobalSection
	GlobalSection(ProjectConfigurationPlatforms) = postSolution
		{079A0482-C50F-4667-80EF-5A357EFBA58A}.Debug|Any CPU.ActiveCfg = Debug|Any CPU
		{079A0482-C50F-4667-80EF-5A357EFBA58A}.Debug|Any CPU.Build.0 = Debug|Any CPU
		{079A0482-C50F-4667-80EF-5A357EFBA58A}.Release|Any CPU.ActiveCfg = Release|Any CPU
		{079A0482-C50F-4667-80EF-5A357EFBA58A}.Release|Any CPU.Build.0 = Release|Any CPU
	EndGlobalSection
	GlobalSection(SolutionProperties) = preSolution
		HideSolutionNode = FALSE
	EndGlobalSection
	GlobalSection(ExtensibilityGlobals) = postSolution
		SolutionGuid = {D9A7ED09-898D-4441-81B3-677780BE1879}
	EndGlobalSection
EndGlobal
